
Microsoft Visual Studio Solution File, Format Version 12.00
# Visual Studio 15
VisualStudioVersion = 15.0.27703.2035
MinimumVisualStudioVersion = 10.0.40219.1
Project("{FAE04EC0-301F-11D3-BF4B-00C04F79EFBC}") = "TesteStefaniniBI", "TesteStefaniniBI\TesteStefaniniBI.csproj", "{353EFBAD-E2BE-4496-8364-38785018FE6B}"
EndProject
Project("{FAE04EC0-301F-11D3-BF4B-00C04F79EFBC}") = "TesteStefaniniWindows", "TesteStefaniniWindows\TesteStefaniniWindows.csproj", "{1E9400A4-DDBE-4FDE-B804-18A999B69650}"
EndProject
Project("{FAE04EC0-301F-11D3-BF4B-00C04F79EFBC}") = "TesteStefaniniDA", "TesteStefaniniDA\TesteStefaniniDA.csproj", "{2CCA84A2-839C-42CE-A1DF-195DF787C500}"
EndProject
Project("{FAE04EC0-301F-11D3-BF4B-00C04F79EFBC}") = "TesteStefaniniWeb", "TesteStefaniniWeb\TesteStefaniniWeb.csproj", "{96BB4DF8-8B16-4000-9E95-071EE207931F}"
EndProject
Global
	GlobalSection(SolutionConfigurationPlatforms) = preSolution
		Debug|Any CPU = Debug|Any CPU
		Release|Any CPU = Release|Any CPU
	EndGlobalSection
	GlobalSection(ProjectConfigurationPlatforms) = postSolution
		{353EFBAD-E2BE-4496-8364-38785018FE6B}.Debug|Any CPU.ActiveCfg = Debug|Any CPU
		{353EFBAD-E2BE-4496-8364-38785018FE6B}.Debug|Any CPU.Build.0 = Debug|Any CPU
		{353EFBAD-E2BE-4496-8364-38785018FE6B}.Release|Any CPU.ActiveCfg = Release|Any CPU
		{353EFBAD-E2BE-4496-8364-38785018FE6B}.Release|Any CPU.Build.0 = Release|Any CPU
		{1E9400A4-DDBE-4FDE-B804-18A999B69650}.Debug|Any CPU.ActiveCfg = Debug|Any CPU
		{1E9400A4-DDBE-4FDE-B804-18A999B69650}.Debug|Any CPU.Build.0 = Debug|Any CPU
		{1E9400A4-DDBE-4FDE-B804-18A999B69650}.Release|Any CPU.ActiveCfg = Release|Any CPU
		{1E9400A4-DDBE-4FDE-B804-18A999B69650}.Release|Any CPU.Build.0 = Release|Any CPU
		{2CCA84A2-839C-42CE-A1DF-195DF787C500}.Debug|Any CPU.ActiveCfg = Debug|Any CPU
		{2CCA84A2-839C-42CE-A1DF-195DF787C500}.Debug|Any CPU.Build.0 = Debug|Any CPU
		{2CCA84A2-839C-42CE-A1DF-195DF787C500}.Release|Any CPU.ActiveCfg = Release|Any CPU
		{2CCA84A2-839C-42CE-A1DF-195DF787C500}.Release|Any CPU.Build.0 = Release|Any CPU
		{96BB4DF8-8B16-4000-9E95-071EE207931F}.Debug|Any CPU.ActiveCfg = Debug|Any CPU
		{96BB4DF8-8B16-4000-9E95-071EE207931F}.Debug|Any CPU.Build.0 = Debug|Any CPU
		{96BB4DF8-8B16-4000-9E95-071EE207931F}.Release|Any CPU.ActiveCfg = Release|Any CPU
		{96BB4DF8-8B16-4000-9E95-071EE207931F}.Release|Any CPU.Build.0 = Release|Any CPU
	EndGlobalSection
	GlobalSection(SolutionProperties) = preSolution
		HideSolutionNode = FALSE
	EndGlobalSection
	GlobalSection(ExtensibilityGlobals) = postSolution
		SolutionGuid = {EA68934B-4EEA-493E-8C28-F656F5CB4790}
	EndGlobalSection
EndGlobal
